// !$*UTF8*$!
{
	archiveVersion = 1;
	classes = {
	};
	objectVersion = 55;
	objects = {

/* Begin PBXBuildFile section */
		E7EFD7C227ADE2FC00B79F58 /* AppDelegate.swift in Sources */ = {isa = PBXBuildFile; fileRef = E7EFD7C127ADE2FC00B79F58 /* AppDelegate.swift */; };
		E7EFD7C427ADE2FC00B79F58 /* SceneDelegate.swift in Sources */ = {isa = PBXBuildFile; fileRef = E7EFD7C327ADE2FC00B79F58 /* SceneDelegate.swift */; };
		E7EFD7C627ADE2FC00B79F58 /* ViewController.swift in Sources */ = {isa = PBXBuildFile; fileRef = E7EFD7C527ADE2FC00B79F58 /* ViewController.swift */; };
		E7EFD7C927ADE2FC00B79F58 /* Main.storyboard in Resources */ = {isa = PBXBuildFile; fileRef = E7EFD7C727ADE2FC00B79F58 /* Main.storyboard */; };
		E7EFD7CB27ADE2FF00B79F58 /* Assets.xcassets in Resources */ = {isa = PBXBuildFile; fileRef = E7EFD7CA27ADE2FF00B79F58 /* Assets.xcassets */; };
		E7EFD7CE27ADE2FF00B79F58 /* LaunchScreen.storyboard in Resources */ = {isa = PBXBuildFile; fileRef = E7EFD7CC27ADE2FF00B79F58 /* LaunchScreen.storyboard */; };
		E7EFD7D927ADE2FF00B79F58 /* PreworkTests.swift in Sources */ = {isa = PBXBuildFile; fileRef = E7EFD7D827ADE2FF00B79F58 /* PreworkTests.swift */; };
		E7EFD7E327ADE2FF00B79F58 /* PreworkUITests.swift in Sources */ = {isa = PBXBuildFile; fileRef = E7EFD7E227ADE2FF00B79F58 /* PreworkUITests.swift */; };
		E7EFD7E527ADE2FF00B79F58 /* PreworkUITestsLaunchTests.swift in Sources */ = {isa = PBXBuildFile; fileRef = E7EFD7E427ADE2FF00B79F58 /* PreworkUITestsLaunchTests.swift */; };
/* End PBXBuildFile section */

/* Begin PBXContainerItemProxy section */
		E7EFD7D527ADE2FF00B79F58 /* PBXContainerItemProxy */ = {
			isa = PBXContainerItemProxy;
			containerPortal = E7EFD7B627ADE2FC00B79F58 /* Project object */;
			proxyType = 1;
			remoteGlobalIDString = E7EFD7BD27ADE2FC00B79F58;
			remoteInfo = Prework;
		};
		E7EFD7DF27ADE2FF00B79F58 /* PBXContainerItemProxy */ = {
			isa = PBXContainerItemProxy;
			containerPortal = E7EFD7B627ADE2FC00B79F58 /* Project object */;
			proxyType = 1;
			remoteGlobalIDString = E7EFD7BD27ADE2FC00B79F58;
			remoteInfo = Prework;
		};
/* End PBXContainerItemProxy section */

/* Begin PBXFileReference section */
		E7EFD7BE27ADE2FC00B79F58 /* Prework.app */ = {isa = PBXFileReference; explicitFileType = wrapper.application; includeInIndex = 0; path = Prework.app; sourceTree = BUILT_PRODUCTS_DIR; };
		E7EFD7C127ADE2FC00B79F58 /* AppDelegate.swift */ = {isa = PBXFileReference; lastKnownFileType = sourcecode.swift; path = AppDelegate.swift; sourceTree = "<group>"; };
		E7EFD7C327ADE2FC00B79F58 /* SceneDelegate.swift */ = {isa = PBXFileReference; lastKnownFileType = sourcecode.swift; path = SceneDelegate.swift; sourceTree = "<group>"; };
		E7EFD7C527ADE2FC00B79F58 /* ViewController.swift */ = {isa = PBXFileReference; lastKnownFileType = sourcecode.swift; path = ViewController.swift; sourceTree = "<group>"; };
		E7EFD7C827ADE2FC00B79F58 /* Base */ = {isa = PBXFileReference; lastKnownFileType = file.storyboard; name = Base; path = Base.lproj/Main.storyboard; sourceTree = "<group>"; };
		E7EFD7CA27ADE2FF00B79F58 /* Assets.xcassets */ = {isa = PBXFileReference; lastKnownFileType = folder.assetcatalog; path = Assets.xcassets; sourceTree = "<group>"; };
		E7EFD7CD27ADE2FF00B79F58 /* Base */ = {isa = PBXFileReference; lastKnownFileType = file.storyboard; name = Base; path = Base.lproj/LaunchScreen.storyboard; sourceTree = "<group>"; };
		E7EFD7CF27ADE2FF00B79F58 /* Info.plist */ = {isa = PBXFileReference; lastKnownFileType = text.plist.xml; path = Info.plist; sourceTree = "<group>"; };
		E7EFD7D427ADE2FF00B79F58 /* PreworkTests.xctest */ = {isa = PBXFileReference; explicitFileType = wrapper.cfbundle; includeInIndex = 0; path = PreworkTests.xctest; sourceTree = BUILT_PRODUCTS_DIR; };
		E7EFD7D827ADE2FF00B79F58 /* PreworkTests.swift */ = {isa = PBXFileReference; lastKnownFileType = sourcecode.swift; path = PreworkTests.swift; sourceTree = "<group>"; };
		E7EFD7DE27ADE2FF00B79F58 /* PreworkUITests.xctest */ = {isa = PBXFileReference; explicitFileType = wrapper.cfbundle; includeInIndex = 0; path = PreworkUITests.xctest; sourceTree = BUILT_PRODUCTS_DIR; };
		E7EFD7E227ADE2FF00B79F58 /* PreworkUITests.swift */ = {isa = PBXFileReference; lastKnownFileType = sourcecode.swift; path = PreworkUITests.swift; sourceTree = "<group>"; };
		E7EFD7E427ADE2FF00B79F58 /* PreworkUITestsLaunchTests.swift */ = {isa = PBXFileReference; lastKnownFileType = sourcecode.swift; path = PreworkUITestsLaunchTests.swift; sourceTree = "<group>"; };
/* End PBXFileReference section */

/* Begin PBXFrameworksBuildPhase section */
		E7EFD7BB27ADE2FC00B79F58 /* Frameworks */ = {
			isa = PBXFrameworksBuildPhase;
			buildActionMask = 2147483647;
			files = (
			);
			runOnlyForDeploymentPostprocessing = 0;
		};
		E7EFD7D127ADE2FF00B79F58 /* Frameworks */ = {
			isa = PBXFrameworksBuildPhase;
			buildActionMask = 2147483647;
			files = (
			);
			runOnlyForDeploymentPostprocessing = 0;
		};
		E7EFD7DB27ADE2FF00B79F58 /* Frameworks */ = {
			isa = PBXFrameworksBuildPhase;
			buildActionMask = 2147483647;
			files = (
			);
			runOnlyForDeploymentPostprocessing = 0;
		};
/* End PBXFrameworksBuildPhase section */

/* Begin PBXGroup section */
		E7EFD7B527ADE2FC00B79F58 = {
			isa = PBXGroup;
			children = (
				E7EFD7C027ADE2FC00B79F58 /* Prework */,
				E7EFD7D727ADE2FF00B79F58 /* PreworkTests */,
				E7EFD7E127ADE2FF00B79F58 /* PreworkUITests */,
				E7EFD7BF27ADE2FC00B79F58 /* Products */,
			);
			sourceTree = "<group>";
		};
		E7EFD7BF27ADE2FC00B79F58 /* Products */ = {
			isa = PBXGroup;
			children = (
				E7EFD7BE27ADE2FC00B79F58 /* Prework.app */,
				E7EFD7D427ADE2FF00B79F58 /* PreworkTests.xctest */,
				E7EFD7DE27ADE2FF00B79F58 /* PreworkUITests.xctest */,
			);
			name = Products;
			sourceTree = "<group>";
		};
		E7EFD7C027ADE2FC00B79F58 /* Prework */ = {
			isa = PBXGroup;
			children = (
				E7EFD7C127ADE2FC00B79F58 /* AppDelegate.swift */,
				E7EFD7C327ADE2FC00B79F58 /* SceneDelegate.swift */,
				E7EFD7C527ADE2FC00B79F58 /* ViewController.swift */,
				E7EFD7C727ADE2FC00B79F58 /* Main.storyboard */,
				E7EFD7CA27ADE2FF00B79F58 /* Assets.xcassets */,
				E7EFD7CC27ADE2FF00B79F58 /* LaunchScreen.storyboard */,
				E7EFD7CF27ADE2FF00B79F58 /* Info.plist */,
			);
			path = Prework;
			sourceTree = "<group>";
		};
		E7EFD7D727ADE2FF00B79F58 /* PreworkTests */ = {
			isa = PBXGroup;
			children = (
				E7EFD7D827ADE2FF00B79F58 /* PreworkTests.swift */,
			);
			path = PreworkTests;
			sourceTree = "<group>";
		};
		E7EFD7E127ADE2FF00B79F58 /* PreworkUITests */ = {
			isa = PBXGroup;
			children = (
				E7EFD7E227ADE2FF00B79F58 /* PreworkUITests.swift */,
				E7EFD7E427ADE2FF00B79F58 /* PreworkUITestsLaunchTests.swift */,
			);
			path = PreworkUITests;
			sourceTree = "<group>";
		};
/* End PBXGroup section */

/* Begin PBXNativeTarget section */
		E7EFD7BD27ADE2FC00B79F58 /* Prework */ = {
			isa = PBXNativeTarget;
			buildConfigurationList = E7EFD7E827ADE2FF00B79F58 /* Build configuration list for PBXNativeTarget "Prework" */;
			buildPhases = (
				E7EFD7BA27ADE2FC00B79F58 /* Sources */,
				E7EFD7BB27ADE2FC00B79F58 /* Frameworks */,
				E7EFD7BC27ADE2FC00B79F58 /* Resources */,
			);
			buildRules = (
			);
			dependencies = (
			);
			name = Prework;
			productName = Prework;
			productReference = E7EFD7BE27ADE2FC00B79F58 /* Prework.app */;
			productType = "com.apple.product-type.application";
		};
		E7EFD7D327ADE2FF00B79F58 /* PreworkTests */ = {
			isa = PBXNativeTarget;
			buildConfigurationList = E7EFD7EB27ADE2FF00B79F58 /* Build configuration list for PBXNativeTarget "PreworkTests" */;
			buildPhases = (
				E7EFD7D027ADE2FF00B79F58 /* Sources */,
				E7EFD7D127ADE2FF00B79F58 /* Frameworks */,
				E7EFD7D227ADE2FF00B79F58 /* Resources */,
			);
			buildRules = (
			);
			dependencies = (
				E7EFD7D627ADE2FF00B79F58 /* PBXTargetDependency */,
			);
			name = PreworkTests;
			productName = PreworkTests;
			productReference = E7EFD7D427ADE2FF00B79F58 /* PreworkTests.xctest */;
			productType = "com.apple.product-type.bundle.unit-test";
		};
		E7EFD7DD27ADE2FF00B79F58 /* PreworkUITests */ = {
			isa = PBXNativeTarget;
			buildConfigurationList = E7EFD7EE27ADE2FF00B79F58 /* Build configuration list for PBXNativeTarget "PreworkUITests" */;
			buildPhases = (
				E7EFD7DA27ADE2FF00B79F58 /* Sources */,
				E7EFD7DB27ADE2FF00B79F58 /* Frameworks */,
				E7EFD7DC27ADE2FF00B79F58 /* Resources */,
			);
			buildRules = (
			);
			dependencies = (
				E7EFD7E027ADE2FF00B79F58 /* PBXTargetDependency */,
			);
			name = PreworkUITests;
			productName = PreworkUITests;
			productReference = E7EFD7DE27ADE2FF00B79F58 /* PreworkUITests.xctest */;
			productType = "com.apple.product-type.bundle.ui-testing";
		};
/* End PBXNativeTarget section */

/* Begin PBXProject section */
		E7EFD7B627ADE2FC00B79F58 /* Project object */ = {
			isa = PBXProject;
			attributes = {
				BuildIndependentTargetsInParallel = 1;
				LastSwiftUpdateCheck = 1320;
				LastUpgradeCheck = 1320;
				TargetAttributes = {
					E7EFD7BD27ADE2FC00B79F58 = {
						CreatedOnToolsVersion = 13.2.1;
					};
					E7EFD7D327ADE2FF00B79F58 = {
						CreatedOnToolsVersion = 13.2.1;
						TestTargetID = E7EFD7BD27ADE2FC00B79F58;
					};
					E7EFD7DD27ADE2FF00B79F58 = {
						CreatedOnToolsVersion = 13.2.1;
						TestTargetID = E7EFD7BD27ADE2FC00B79F58;
					};
				};
			};
			buildConfigurationList = E7EFD7B927ADE2FC00B79F58 /* Build configuration list for PBXProject "Prework" */;
			compatibilityVersion = "Xcode 13.0";
			developmentRegion = en;
			hasScannedForEncodings = 0;
			knownRegions = (
				en,
				Base,
			);
			mainGroup = E7EFD7B527ADE2FC00B79F58;
			productRefGroup = E7EFD7BF27ADE2FC00B79F58 /* Products */;
			projectDirPath = "";
			projectRoot = "";
			targets = (
				E7EFD7BD27ADE2FC00B79F58 /* Prework */,
				E7EFD7D327ADE2FF00B79F58 /* PreworkTests */,
				E7EFD7DD27ADE2FF00B79F58 /* PreworkUITests */,
			);
		};
/* End PBXProject section */

/* Begin PBXResourcesBuildPhase section */
		E7EFD7BC27ADE2FC00B79F58 /* Resources */ = {
			isa = PBXResourcesBuildPhase;
			buildActionMask = 2147483647;
			files = (
				E7EFD7CE27ADE2FF00B79F58 /* LaunchScreen.storyboard in Resources */,
				E7EFD7CB27ADE2FF00B79F58 /* Assets.xcassets in Resources */,
				E7EFD7C927ADE2FC00B79F58 /* Main.storyboard in Resources */,
			);
			runOnlyForDeploymentPostprocessing = 0;
		};
		E7EFD7D227ADE2FF00B79F58 /* Resources */ = {
			isa = PBXResourcesBuildPhase;
			buildActionMask = 2147483647;
			files = (
			);
			runOnlyForDeploymentPostprocessing = 0;
		};
		E7EFD7DC27ADE2FF00B79F58 /* Resources */ = {
			isa = PBXResourcesBuildPhase;
			buildActionMask = 2147483647;
			files = (
			);
			runOnlyForDeploymentPostprocessing = 0;
		};
/* End PBXResourcesBuildPhase section */

/* Begin PBXSourcesBuildPhase section */
		E7EFD7BA27ADE2FC00B79F58 /* Sources */ = {
			isa = PBXSourcesBuildPhase;
			buildActionMask = 2147483647;
			files = (
				E7EFD7C627ADE2FC00B79F58 /* ViewController.swift in Sources */,
				E7EFD7C227ADE2FC00B79F58 /* AppDelegate.swift in Sources */,
				E7EFD7C427ADE2FC00B79F58 /* SceneDelegate.swift in Sources */,
			);
			runOnlyForDeploymentPostprocessing = 0;
		};
		E7EFD7D027ADE2FF00B79F58 /* Sources */ = {
			isa = PBXSourcesBuildPhase;
			buildActionMask = 2147483647;
			files = (
				E7EFD7D927ADE2FF00B79F58 /* PreworkTests.swift in Sources */,
			);
			runOnlyForDeploymentPostprocessing = 0;
		};
		E7EFD7DA27ADE2FF00B79F58 /* Sources */ = {
			isa = PBXSourcesBuildPhase;
			buildActionMask = 2147483647;
			files = (
				E7EFD7E327ADE2FF00B79F58 /* PreworkUITests.swift in Sources */,
				E7EFD7E527ADE2FF00B79F58 /* PreworkUITestsLaunchTests.swift in Sources */,
			);
			runOnlyForDeploymentPostprocessing = 0;
		};
/* End PBXSourcesBuildPhase section */

/* Begin PBXTargetDependency section */
		E7EFD7D627ADE2FF00B79F58 /* PBXTargetDependency */ = {
			isa = PBXTargetDependency;
			target = E7EFD7BD27ADE2FC00B79F58 /* Prework */;
			targetProxy = E7EFD7D527ADE2FF00B79F58 /* PBXContainerItemProxy */;
		};
		E7EFD7E027ADE2FF00B79F58 /* PBXTargetDependency */ = {
			isa = PBXTargetDependency;
			target = E7EFD7BD27ADE2FC00B79F58 /* Prework */;
			targetProxy = E7EFD7DF27ADE2FF00B79F58 /* PBXContainerItemProxy */;
		};
/* End PBXTargetDependency section */

/* Begin PBXVariantGroup section */
		E7EFD7C727ADE2FC00B79F58 /* Main.storyboard */ = {
			isa = PBXVariantGroup;
			children = (
				E7EFD7C827ADE2FC00B79F58 /* Base */,
			);
			name = Main.storyboard;
			sourceTree = "<group>";
		};
		E7EFD7CC27ADE2FF00B79F58 /* LaunchScreen.storyboard */ = {
			isa = PBXVariantGroup;
			children = (
				E7EFD7CD27ADE2FF00B79F58 /* Base */,
			);
			name = LaunchScreen.storyboard;
			sourceTree = "<group>";
		};
/* End PBXVariantGroup section */

/* Begin XCBuildConfiguration section */
		E7EFD7E627ADE2FF00B79F58 /* Debug */ = {
			isa = XCBuildConfiguration;
			buildSettings = {
				ALWAYS_SEARCH_USER_PATHS = NO;
				CLANG_ANALYZER_NONNULL = YES;
				CLANG_ANALYZER_NUMBER_OBJECT_CONVERSION = YES_AGGRESSIVE;
				CLANG_CXX_LANGUAGE_STANDARD = "gnu++17";
				CLANG_CXX_LIBRARY = "libc++";
				CLANG_ENABLE_MODULES = YES;
				CLANG_ENABLE_OBJC_ARC = YES;
				CLANG_ENABLE_OBJC_WEAK = YES;
				CLANG_WARN_BLOCK_CAPTURE_AUTORELEASING = YES;
				CLANG_WARN_BOOL_CONVERSION = YES;
				CLANG_WARN_COMMA = YES;
				CLANG_WARN_CONSTANT_CONVERSION = YES;
				CLANG_WARN_DEPRECATED_OBJC_IMPLEMENTATIONS = YES;
				CLANG_WARN_DIRECT_OBJC_ISA_USAGE = YES_ERROR;
				CLANG_WARN_DOCUMENTATION_COMMENTS = YES;
				CLANG_WARN_EMPTY_BODY = YES;
				CLANG_WARN_ENUM_CONVERSION = YES;
				CLANG_WARN_INFINITE_RECURSION = YES;
				CLANG_WARN_INT_CONVERSION = YES;
				CLANG_WARN_NON_LITERAL_NULL_CONVERSION = YES;
				CLANG_WARN_OBJC_IMPLICIT_RETAIN_SELF = YES;
				CLANG_WARN_OBJC_LITERAL_CONVERSION = YES;
				CLANG_WARN_OBJC_ROOT_CLASS = YES_ERROR;
				CLANG_WARN_QUOTED_INCLUDE_IN_FRAMEWORK_HEADER = YES;
				CLANG_WARN_RANGE_LOOP_ANALYSIS = YES;
				CLANG_WARN_STRICT_PROTOTYPES = YES;
				CLANG_WARN_SUSPICIOUS_MOVE = YES;
				CLANG_WARN_UNGUARDED_AVAILABILITY = YES_AGGRESSIVE;
				CLANG_WARN_UNREACHABLE_CODE = YES;
				CLANG_WARN__DUPLICATE_METHOD_MATCH = YES;
				COPY_PHASE_STRIP = NO;
				DEBUG_INFORMATION_FORMAT = dwarf;
				ENABLE_STRICT_OBJC_MSGSEND = YES;
				ENABLE_TESTABILITY = YES;
				GCC_C_LANGUAGE_STANDARD = gnu11;
				GCC_DYNAMIC_NO_PIC = NO;
				GCC_NO_COMMON_BLOCKS = YES;
				GCC_OPTIMIZATION_LEVEL = 0;
				GCC_PREPROCESSOR_DEFINITIONS = (
					"DEBUG=1",
					"$(inherited)",
				);
				GCC_WARN_64_TO_32_BIT_CONVERSION = YES;
				GCC_WARN_ABOUT_RETURN_TYPE = YES_ERROR;
				GCC_WARN_UNDECLARED_SELECTOR = YES;
				GCC_WARN_UNINITIALIZED_AUTOS = YES_AGGRESSIVE;
				GCC_WARN_UNUSED_FUNCTION = YES;
				GCC_WARN_UNUSED_VARIABLE = YES;
				IPHONEOS_DEPLOYMENT_TARGET = 15.2;
				MTL_ENABLE_DEBUG_INFO = INCLUDE_SOURCE;
				MTL_FAST_MATH = YES;
				ONLY_ACTIVE_ARCH = YES;
				SDKROOT = iphoneos;
				SWIFT_ACTIVE_COMPILATION_CONDITIONS = DEBUG;
				SWIFT_OPTIMIZATION_LEVEL = "-Onone";
			};
			name = Debug;
		};
		E7EFD7E727ADE2FF00B79F58 /* Release */ = {
			isa = XCBuildConfiguration;
			buildSettings = {
				ALWAYS_SEARCH_USER_PATHS = NO;
				CLANG_ANALYZER_NONNULL = YES;
				CLANG_ANALYZER_NUMBER_OBJECT_CONVERSION = YES_AGGRESSIVE;
				CLANG_CXX_LANGUAGE_STANDARD = "gnu++17";
				CLANG_CXX_LIBRARY = "libc++";
				CLANG_ENABLE_MODULES = YES;
				CLANG_ENABLE_OBJC_ARC = YES;
				CLANG_ENABLE_OBJC_WEAK = YES;
				CLANG_WARN_BLOCK_CAPTURE_AUTORELEASING = YES;
				CLANG_WARN_BOOL_CONVERSION = YES;
				CLANG_WARN_COMMA = YES;
				CLANG_WARN_CONSTANT_CONVERSION = YES;
				CLANG_WARN_DEPRECATED_OBJC_IMPLEMENTATIONS = YES;
				CLANG_WARN_DIRECT_OBJC_ISA_USAGE = YES_ERROR;
				CLANG_WARN_DOCUMENTATION_COMMENTS = YES;
				CLANG_WARN_EMPTY_BODY = YES;
				CLANG_WARN_ENUM_CONVERSION = YES;
				CLANG_WARN_INFINITE_RECURSION = YES;
				CLANG_WARN_INT_CONVERSION = YES;
				CLANG_WARN_NON_LITERAL_NULL_CONVERSION = YES;
				CLANG_WARN_OBJC_IMPLICIT_RETAIN_SELF = YES;
				CLANG_WARN_OBJC_LITERAL_CONVERSION = YES;
				CLANG_WARN_OBJC_ROOT_CLASS = YES_ERROR;
				CLANG_WARN_QUOTED_INCLUDE_IN_FRAMEWORK_HEADER = YES;
				CLANG_WARN_RANGE_LOOP_ANALYSIS = YES;
				CLANG_WARN_STRICT_PROTOTYPES = YES;
				CLANG_WARN_SUSPICIOUS_MOVE = YES;
				CLANG_WARN_UNGUARDED_AVAILABILITY = YES_AGGRESSIVE;
				CLANG_WARN_UNREACHABLE_CODE = YES;
				CLANG_WARN__DUPLICATE_METHOD_MATCH = YES;
				COPY_PHASE_STRIP = NO;
				DEBUG_INFORMATION_FORMAT = "dwarf-with-dsym";
				ENABLE_NS_ASSERTIONS = NO;
				ENABLE_STRICT_OBJC_MSGSEND = YES;
				GCC_C_LANGUAGE_STANDARD = gnu11;
				GCC_NO_COMMON_BLOCKS = YES;
				GCC_WARN_64_TO_32_BIT_CONVERSION = YES;
				GCC_WARN_ABOUT_RETURN_TYPE = YES_ERROR;
				GCC_WARN_UNDECLARED_SELECTOR = YES;
				GCC_WARN_UNINITIALIZED_AUTOS = YES_AGGRESSIVE;
				GCC_WARN_UNUSED_FUNCTION = YES;
				GCC_WARN_UNUSED_VARIABLE = YES;
				IPHONEOS_DEPLOYMENT_TARGET = 15.2;
				MTL_ENABLE_DEBUG_INFO = NO;
				MTL_FAST_MATH = YES;
				SDKROOT = iphoneos;
				SWIFT_COMPILATION_MODE = wholemodule;
				SWIFT_OPTIMIZATION_LEVEL = "-O";
				VALIDATE_PRODUCT = YES;
			};
			name = Release;
		};
		E7EFD7E927ADE2FF00B79F58 /* Debug */ = {
			isa = XCBuildConfiguration;
			buildSettings = {
				ASSETCATALOG_COMPILER_APPICON_NAME = AppIcon;
				ASSETCATALOG_COMPILER_GLOBAL_ACCENT_COLOR_NAME = AccentColor;
				CODE_SIGN_STYLE = Automatic;
				CURRENT_PROJECT_VERSION = 1;
				DEVELOPMENT_TEAM = LWDRQ52GKM;
				GENERATE_INFOPLIST_FILE = YES;
				INFOPLIST_FILE = Prework/Info.plist;
				INFOPLIST_KEY_UIApplicationSupportsIndirectInputEvents = YES;
				INFOPLIST_KEY_UILaunchStoryboardName = LaunchScreen;
				INFOPLIST_KEY_UIMainStoryboardFile = Main;
				INFOPLIST_KEY_UISupportedInterfaceOrientations_iPad = "UIInterfaceOrientationPortrait UIInterfaceOrientationPortraitUpsideDown UIInterfaceOrientationLandscapeLeft UIInterfaceOrientationLandscapeRight";
				INFOPLIST_KEY_UISupportedInterfaceOrientations_iPhone = "UIInterfaceOrientationPortrait UIInterfaceOrientationLandscapeLeft UIInterfaceOrientationLandscapeRight";
				LD_RUNPATH_SEARCH_PATHS = (
					"$(inherited)",
					"@executable_path/Frameworks",
				);
				MARKETING_VERSION = 1.0;
				PRODUCT_BUNDLE_IDENTIFIER = com.laveihc7.Prework;
				PRODUCT_NAME = "$(TARGET_NAME)";
				SWIFT_EMIT_LOC_STRINGS = YES;
				SWIFT_VERSION = 5.0;
				TARGETED_DEVICE_FAMILY = "1,2";
			};
			name = Debug;
		};
		E7EFD7EA27ADE2FF00B79F58 /* Release */ = {
			isa = XCBuildConfiguration;
			buildSettings = {
				ASSETCATALOG_COMPILER_APPICON_NAME = AppIcon;
				ASSETCATALOG_COMPILER_GLOBAL_ACCENT_COLOR_NAME = AccentColor;
				CODE_SIGN_STYLE = Automatic;
				CURRENT_PROJECT_VERSION = 1;
				DEVELOPMENT_TEAM = LWDRQ52GKM;
				GENERATE_INFOPLIST_FILE = YES;
				INFOPLIST_FILE = Prework/Info.plist;
				INFOPLIST_KEY_UIApplicationSupportsIndirectInputEvents = YES;
				INFOPLIST_KEY_UILaunchStoryboardName = LaunchScreen;
				INFOPLIST_KEY_UIMainStoryboardFile = Main;
				INFOPLIST_KEY_UISupportedInterfaceOrientations_iPad = "UIInterfaceOrientationPortrait UIInterfaceOrientationPortraitUpsideDown UIInterfaceOrientationLandscapeLeft UIInterfaceOrientationLandscapeRight";
				INFOPLIST_KEY_UISupportedInterfaceOrientations_iPhone = "UIInterfaceOrientationPortrait UIInterfaceOrientationLandscapeLeft UIInterfaceOrientationLandscapeRight";
				LD_RUNPATH_SEARCH_PATHS = (
					"$(inherited)",
					"@executable_path/Frameworks",
				);
				MARKETING_VERSION = 1.0;
				PRODUCT_BUNDLE_IDENTIFIER = com.laveihc7.Prework;
				PRODUCT_NAME = "$(TARGET_NAME)";
				SWIFT_EMIT_LOC_STRINGS = YES;
				SWIFT_VERSION = 5.0;
				TARGETED_DEVICE_FAMILY = "1,2";
			};
			name = Release;
		};
		E7EFD7EC27ADE2FF00B79F58 /* Debug */ = {
			isa = XCBuildConfiguration;
			buildSettings = {
				ALWAYS_EMBED_SWIFT_STANDARD_LIBRARIES = YES;
				BUNDLE_LOADER = "$(TEST_HOST)";
				CODE_SIGN_STYLE = Automatic;
				CURRENT_PROJECT_VERSION = 1;
				DEVELOPMENT_TEAM = LWDRQ52GKM;
				GENERATE_INFOPLIST_FILE = YES;
				IPHONEOS_DEPLOYMENT_TARGET = 15.2;
				MARKETING_VERSION = 1.0;
				PRODUCT_BUNDLE_IDENTIFIER = com.laveihc7.PreworkTests;
				PRODUCT_NAME = "$(TARGET_NAME)";
				SWIFT_EMIT_LOC_STRINGS = NO;
				SWIFT_VERSION = 5.0;
				TARGETED_DEVICE_FAMILY = "1,2";
				TEST_HOST = "$(BUILT_PRODUCTS_DIR)/Prework.app/Prework";
			};
			name = Debug;
		};
		E7EFD7ED27ADE2FF00B79F58 /* Release */ = {
			isa = XCBuildConfiguration;
			buildSettings = {
				ALWAYS_EMBED_SWIFT_STANDARD_LIBRARIES = YES;
				BUNDLE_LOADER = "$(TEST_HOST)";
				CODE_SIGN_STYLE = Automatic;
				CURRENT_PROJECT_VERSION = 1;
				DEVELOPMENT_TEAM = LWDRQ52GKM;
				GENERATE_INFOPLIST_FILE = YES;
				IPHONEOS_DEPLOYMENT_TARGET = 15.2;
				MARKETING_VERSION = 1.0;
				PRODUCT_BUNDLE_IDENTIFIER = com.laveihc7.PreworkTests;
				PRODUCT_NAME = "$(TARGET_NAME)";
				SWIFT_EMIT_LOC_STRINGS = NO;
				SWIFT_VERSION = 5.0;
				TARGETED_DEVICE_FAMILY = "1,2";
				TEST_HOST = "$(BUILT_PRODUCTS_DIR)/Prework.app/Prework";
			};
			name = Release;
		};
		E7EFD7EF27ADE2FF00B79F58 /* Debug */ = {
			isa = XCBuildConfiguration;
			buildSettings = {
				ALWAYS_EMBED_SWIFT_STANDARD_LIBRARIES = YES;
				CODE_SIGN_STYLE = Automatic;
				CURRENT_PROJECT_VERSION = 1;
				DEVELOPMENT_TEAM = LWDRQ52GKM;
				GENERATE_INFOPLIST_FILE = YES;
				MARKETING_VERSION = 1.0;
				PRODUCT_BUNDLE_IDENTIFIER = com.laveihc7.PreworkUITests;
				PRODUCT_NAME = "$(TARGET_NAME)";
				SWIFT_EMIT_LOC_STRINGS = NO;
				SWIFT_VERSION = 5.0;
				TARGETED_DEVICE_FAMILY = "1,2";
				TEST_TARGET_NAME = Prework;
			};
			name = Debug;
		};
		E7EFD7F027ADE2FF00B79F58 /* Release */ = {
			isa = XCBuildConfiguration;
			buildSettings = {
				ALWAYS_EMBED_SWIFT_STANDARD_LIBRARIES = YES;
				CODE_SIGN_STYLE = Automatic;
				CURRENT_PROJECT_VERSION = 1;
				DEVELOPMENT_TEAM = LWDRQ52GKM;
				GENERATE_INFOPLIST_FILE = YES;
				MARKETING_VERSION = 1.0;
				PRODUCT_BUNDLE_IDENTIFIER = com.laveihc7.PreworkUITests;
				PRODUCT_NAME = "$(TARGET_NAME)";
				SWIFT_EMIT_LOC_STRINGS = NO;
				SWIFT_VERSION = 5.0;
				TARGETED_DEVICE_FAMILY = "1,2";
				TEST_TARGET_NAME = Prework;
			};
			name = Release;
		};
/* End XCBuildConfiguration section */

/* Begin XCConfigurationList section */
		E7EFD7B927ADE2FC00B79F58 /* Build configuration list for PBXProject "Prework" */ = {
			isa = XCConfigurationList;
			buildConfigurations = (
				E7EFD7E627ADE2FF00B79F58 /* Debug */,
				E7EFD7E727ADE2FF00B79F58 /* Release */,
			);
			defaultConfigurationIsVisible = 0;
			defaultConfigurationName = Release;
		};
		E7EFD7E827ADE2FF00B79F58 /* Build configuration list for PBXNativeTarget "Prework" */ = {
			isa = XCConfigurationList;
			buildConfigurations = (
				E7EFD7E927ADE2FF00B79F58 /* Debug */,
				E7EFD7EA27ADE2FF00B79F58 /* Release */,
			);
			defaultConfigurationIsVisible = 0;
			defaultConfigurationName = Release;
		};
		E7EFD7EB27ADE2FF00B79F58 /* Build configuration list for PBXNativeTarget "PreworkTests" */ = {
			isa = XCConfigurationList;
			buildConfigurations = (
				E7EFD7EC27ADE2FF00B79F58 /* Debug */,
				E7EFD7ED27ADE2FF00B79F58 /* Release */,
			);
			defaultConfigurationIsVisible = 0;
			defaultConfigurationName = Release;
		};
		E7EFD7EE27ADE2FF00B79F58 /* Build configuration list for PBXNativeTarget "PreworkUITests" */ = {
			isa = XCConfigurationList;
			buildConfigurations = (
				E7EFD7EF27ADE2FF00B79F58 /* Debug */,
				E7EFD7F027ADE2FF00B79F58 /* Release */,
			);
			defaultConfigurationIsVisible = 0;
			defaultConfigurationName = Release;
		};
/* End XCConfigurationList section */
	};
	rootObject = E7EFD7B627ADE2FC00B79F58 /* Project object */;
}
